# This file is automatically @generated by Cargo.
# It is not intended for manual editing.
version = 4

[[package]]
name = "ALC"
version = "0.1.0"
dependencies = [
 "artificial-backend-rust",
 "artificial-core",
]

[[package]]
name = "artificial-backend-rust"
version = "0.1.0"
dependencies = [
 "artificial-core",
]

[[package]]
name = "artificial-core"
version = "0.1.0"
